# @generated by Move, please check-in and do not edit manually.

[move]
version = 3
manifest_digest = "B5032BE72F8DA2708A763DB818956EBBC42FD8194D8568CF0C94F97C7D914E54"
deps_digest = "F8BBB0CCB2491CA29A3DF03D6F92277A4F3574266507ACD77214D37ECA3F3082"
dependencies = [
  { id = "Sui", name = "Sui" },
]

[[move.package]]
id = "MoveStdlib"
source = { git = "https://github.com/MystenLabs/sui.git", rev = "devnet", subdir = "crates\\sui-framework\\packages\\move-stdlib" }

[[move.package]]
id = "Sui"
source = { git = "https://github.com/MystenLabs/sui.git", rev = "devnet", subdir = "crates/sui-framework/packages/sui-framework" }

dependencies = [
  { id = "MoveStdlib", name = "MoveStdlib" },
]

[move.toolchain-version]
compiler-version = "1.53.2"
edition = "2024.beta"
flavor = "sui"

[env]

[env.testnet]
chain-id = "4c78adac"
original-published-id = "0x098b397ccc14036004740a812a8ccce5769d7d11d3216d25133843a927e9e4c0"
latest-published-id = "0x098b397ccc14036004740a812a8ccce5769d7d11d3216d25133843a927e9e4c0"
published-version = "1"

[env.mainnet]
chain-id = "35834a8a"
original-published-id = "0xfab6907084c060672c939e602b4da9a943e63fc5504a45dd69462976f17edc37"
latest-published-id = "0xfab6907084c060672c939e602b4da9a943e63fc5504a45dd69462976f17edc37"
published-version = "1"
